# This file was autogenerated by Stack.
# You should not edit this file by hand.
# For more information, please see the documentation at:
#   https://docs.haskellstack.org/en/stable/lock_files

packages:
- completed:
    name: domain-driven
    version: 0.1.0.0
    git: https://github.com/tommyengstrom/domain-driven.git
    pantry-tree:
      size: 2702
      sha256: f2618ce1c3d0da0c22a12dfc759c63e60ae1f362d7d1f32e7a54be1886fcffd7
    commit: ae9784de1ab4c8ee0243b7226d7dd853128173a8
  original:
    git: https://github.com/tommyengstrom/domain-driven.git
    commit: ae9784de1ab4c8ee0243b7226d7dd853128173a8
- completed:
    hackage: servant-flatten-0.2@sha256:276896f7c5cdec5b8f8493f6205fded0cc602d050b58fdb09a6d7c85c3bb0837,1234
    pantry-tree:
      size: 325
      sha256: 04f12c7bef2c3f9a25d94eb9489752ed498db8e243069fe95838dbb51df1dcb3
  original:
    hackage: servant-flatten-0.2@sha256:276896f7c5cdec5b8f8493f6205fded0cc602d050b58fdb09a6d7c85c3bb0837,1234
snapshots:
- completed:
    size: 636956
    url: https://raw.githubusercontent.com/commercialhaskell/stackage-snapshots/master/nightly/2022/9/19.yaml
    sha256: b40962d62404e8389ddc2f4228170871b1a6d62b66e7d532a6c798426f047603
  original: nightly-2022-09-19
